<?xml version="1.0"?>
<CONFIG>
  <ProjectOptions>
    <PathDelim Value="\"/>
    <Version Value="7"/>
    <General>
      <Flags>
        <MainUnitHasCreateFormStatements Value="False"/>
        <MainUnitHasTitleStatement Value="False"/>
      </Flags>
      <MainUnit Value="0"/>
      <TargetFileExt Value=".exe"/>
      <UseAppBundle Value="False"/>
      <Icon Value="0"/>
      <ActiveEditorIndexAtStart Value="6"/>
    </General>
    <LazDoc Paths="docs"/>
    <VersionInfo>
      <ProjectVersion Value=""/>
    </VersionInfo>
    <PublishOptions>
      <Version Value="2"/>
      <IgnoreBinaries Value="False"/>
      <IncludeFileFilter Value="*.(pas|pp|inc|lfm|lpr|lrs|lpi|lpk|sh|xml)"/>
      <ExcludeFileFilter Value="*.(bak|ppu|ppw|o|so);*~;backup"/>
    </PublishOptions>
    <RunParams>
      <local>
        <FormatVersion Value="1"/>
        <LaunchingApplication PathPlusParams="/usr/X11R6/bin/xterm -T 'Lazarus Run Output' -e $(LazarusDir)/tools/runwait.sh $(TargetCmdLine)"/>
      </local>
    </RunParams>
    <Units Count="12">
      <Unit0>
        <Filename Value="pascaldefender.lpr"/>
        <IsPartOfProject Value="True"/>
        <UnitName Value="pascaldefender"/>
        <CursorPos X="26" Y="4"/>
        <TopLine Value="1"/>
        <EditorIndex Value="0"/>
        <UsageCount Value="26"/>
        <Loaded Value="True"/>
      </Unit0>
      <Unit1>
        <Filename Value="pascaldefender.pas"/>
        <ComponentName Value="Form1"/>
        <ResourceBaseClass Value="Form"/>
        <UnitName Value="pascaldefender"/>
        <CursorPos X="1" Y="3"/>
        <TopLine Value="1"/>
        <UsageCount Value="19"/>
      </Unit1>
      <Unit2>
        <Filename Value="pantallaintroduccion.pas"/>
        <UnitName Value="pantallaintroduccion"/>
        <CursorPos X="14" Y="9"/>
        <TopLine Value="1"/>
        <UsageCount Value="19"/>
      </Unit2>
      <Unit3>
        <Filename Value="juego.pas"/>
        <UnitName Value="juego"/>
        <CursorPos X="31" Y="5"/>
        <TopLine Value="1"/>
        <UsageCount Value="19"/>
      </Unit3>
      <Unit4>
        <Filename Value="units\juego.pas"/>
        <IsPartOfProject Value="True"/>
        <UnitName Value="juego"/>
        <CursorPos X="31" Y="15"/>
        <TopLine Value="1"/>
        <EditorIndex Value="3"/>
        <UsageCount Value="26"/>
        <Loaded Value="True"/>
      </Unit4>
      <Unit5>
        <Filename Value="units\introduccion.pas"/>
        <IsPartOfProject Value="True"/>
        <UnitName Value="introduccion"/>
        <CursorPos X="15" Y="10"/>
        <TopLine Value="14"/>
        <EditorIndex Value="6"/>
        <UsageCount Value="26"/>
        <Loaded Value="True"/>
      </Unit5>
      <Unit6>
        <Filename Value="units\pdcommons.pas"/>
        <IsPartOfProject Value="True"/>
        <UnitName Value="pdcommons"/>
        <CursorPos X="25" Y="9"/>
        <TopLine Value="1"/>
        <EditorIndex Value="2"/>
        <UsageCount Value="26"/>
        <Loaded Value="True"/>
      </Unit6>
      <Unit7>
        <Filename Value="units\puntajes.pas"/>
        <IsPartOfProject Value="True"/>
        <UnitName Value="puntajes"/>
        <CursorPos X="1" Y="45"/>
        <TopLine Value="19"/>
        <EditorIndex Value="8"/>
        <UsageCount Value="24"/>
        <Loaded Value="True"/>
      </Unit7>
      <Unit8>
        <Filename Value="units\pdbase.pas"/>
        <IsPartOfProject Value="True"/>
        <UnitName Value="pdbase"/>
        <CursorPos X="12" Y="12"/>
        <TopLine Value="3"/>
        <EditorIndex Value="1"/>
        <UsageCount Value="24"/>
        <Loaded Value="True"/>
      </Unit8>
      <Unit9>
        <Filename Value="units\graficador.pas"/>
        <IsPartOfProject Value="True"/>
        <UnitName Value="graficador"/>
        <CursorPos X="6" Y="52"/>
        <TopLine Value="38"/>
        <EditorIndex Value="7"/>
        <UsageCount Value="23"/>
        <Loaded Value="True"/>
      </Unit9>
      <Unit10>
        <Filename Value="units\hiscores.pas"/>
        <IsPartOfProject Value="True"/>
        <UnitName Value="hiscores"/>
        <CursorPos X="29" Y="16"/>
        <TopLine Value="3"/>
        <EditorIndex Value="4"/>
        <UsageCount Value="21"/>
        <Loaded Value="True"/>
      </Unit10>
      <Unit11>
        <Filename Value="units\instrucciones.pas"/>
        <IsPartOfProject Value="True"/>
        <UnitName Value="instrucciones"/>
        <CursorPos X="1" Y="1"/>
        <TopLine Value="1"/>
        <EditorIndex Value="5"/>
        <UsageCount Value="21"/>
        <Loaded Value="True"/>
      </Unit11>
    </Units>
    <JumpHistory Count="30" HistoryIndex="29">
      <Position1>
        <Filename Value="units\graficador.pas"/>
        <Caret Line="14" Column="15" TopLine="1"/>
      </Position1>
      <Position2>
        <Filename Value="units\graficador.pas"/>
        <Caret Line="12" Column="35" TopLine="1"/>
      </Position2>
      <Position3>
        <Filename Value="units\introduccion.pas"/>
        <Caret Line="25" Column="51" TopLine="7"/>
      </Position3>
      <Position4>
        <Filename Value="units\introduccion.pas"/>
        <Caret Line="21" Column="37" TopLine="12"/>
      </Position4>
      <Position5>
        <Filename Value="pascaldefender.lpr"/>
        <Caret Line="7" Column="18" TopLine="1"/>
      </Position5>
      <Position6>
        <Filename Value="units\instrucciones.pas"/>
        <Caret Line="17" Column="25" TopLine="1"/>
      </Position6>
      <Position7>
        <Filename Value="units\pdbase.pas"/>
        <Caret Line="25" Column="33" TopLine="11"/>
      </Position7>
      <Position8>
        <Filename Value="units\instrucciones.pas"/>
        <Caret Line="17" Column="38" TopLine="1"/>
      </Position8>
      <Position9>
        <Filename Value="units\pdbase.pas"/>
        <Caret Line="11" Column="17" TopLine="1"/>
      </Position9>
      <Position10>
        <Filename Value="units\puntajes.pas"/>
        <Caret Line="16" Column="2" TopLine="7"/>
      </Position10>
      <Position11>
        <Filename Value="units\puntajes.pas"/>
        <Caret Line="18" Column="20" TopLine="1"/>
      </Position11>
      <Position12>
        <Filename Value="units\hiscores.pas"/>
        <Caret Line="16" Column="42" TopLine="1"/>
      </Position12>
      <Position13>
        <Filename Value="units\graficador.pas"/>
        <Caret Line="7" Column="29" TopLine="1"/>
      </Position13>
      <Position14>
        <Filename Value="units\graficador.pas"/>
        <Caret Line="6" Column="5" TopLine="1"/>
      </Position14>
      <Position15>
        <Filename Value="units\graficador.pas"/>
        <Caret Line="7" Column="14" TopLine="1"/>
      </Position15>
      <Position16>
        <Filename Value="units\hiscores.pas"/>
        <Caret Line="16" Column="23" TopLine="1"/>
      </Position16>
      <Position17>
        <Filename Value="units\hiscores.pas"/>
        <Caret Line="19" Column="32" TopLine="2"/>
      </Position17>
      <Position18>
        <Filename Value="units\hiscores.pas"/>
        <Caret Line="18" Column="16" TopLine="3"/>
      </Position18>
      <Position19>
        <Filename Value="units\puntajes.pas"/>
        <Caret Line="13" Column="40" TopLine="1"/>
      </Position19>
      <Position20>
        <Filename Value="units\graficador.pas"/>
        <Caret Line="44" Column="52" TopLine="34"/>
      </Position20>
      <Position21>
        <Filename Value="units\hiscores.pas"/>
        <Caret Line="21" Column="21" TopLine="3"/>
      </Position21>
      <Position22>
        <Filename Value="units\puntajes.pas"/>
        <Caret Line="17" Column="1" TopLine="8"/>
      </Position22>
      <Position23>
        <Filename Value="units\puntajes.pas"/>
        <Caret Line="38" Column="28" TopLine="20"/>
      </Position23>
      <Position24>
        <Filename Value="units\puntajes.pas"/>
        <Caret Line="18" Column="34" TopLine="5"/>
      </Position24>
      <Position25>
        <Filename Value="units\puntajes.pas"/>
        <Caret Line="42" Column="32" TopLine="21"/>
      </Position25>
      <Position26>
        <Filename Value="units\puntajes.pas"/>
        <Caret Line="39" Column="30" TopLine="23"/>
      </Position26>
      <Position27>
        <Filename Value="units\puntajes.pas"/>
        <Caret Line="43" Column="1" TopLine="23"/>
      </Position27>
      <Position28>
        <Filename Value="units\graficador.pas"/>
        <Caret Line="44" Column="52" TopLine="33"/>
      </Position28>
      <Position29>
        <Filename Value="units\graficador.pas"/>
        <Caret Line="49" Column="38" TopLine="35"/>
      </Position29>
      <Position30>
        <Filename Value="units\graficador.pas"/>
        <Caret Line="53" Column="49" TopLine="34"/>
      </Position30>
    </JumpHistory>
  </ProjectOptions>
  <CompilerOptions>
    <Version Value="8"/>
    <PathDelim Value="\"/>
    <SearchPaths>
      <IncludeFiles Value="$(ProjOutDir)\"/>
      <OtherUnitFiles Value="units\"/>
      <UnitOutputDirectory Value="bin"/>
    </SearchPaths>
    <Parsing>
      <SyntaxOptions>
        <SyntaxMode Value="fpc"/>
        <CStyleOperator Value="False"/>
      </SyntaxOptions>
    </Parsing>
    <Other>
      <CompilerPath Value="$(CompPath)"/>
    </Other>
  </CompilerOptions>
  <Debugging>
    <Exceptions Count="3">
      <Item1>
        <Name Value="EAbort"/>
      </Item1>
      <Item2>
        <Name Value="ECodetoolError"/>
      </Item2>
      <Item3>
        <Name Value="EFOpenError"/>
      </Item3>
    </Exceptions>
  </Debugging>
</CONFIG>
